
Microsoft Visual Studio Solution File, Format Version 12.00
# Visual Studio Version 17
VisualStudioVersion = 17.8.34309.116
MinimumVisualStudioVersion = 10.0.40219.1
Project("{FAE04EC0-301F-11D3-BF4B-00C04F79EFBC}") = "BlazurAuth1", "BlazurAuth1\BlazurAuth1\BlazurAuth1.csproj", "{8FBA9453-BB2D-4E49-AB28-A3D3ACB89F5A}"
EndProject
Project("{FAE04EC0-301F-11D3-BF4B-00C04F79EFBC}") = "BlazurAuth1.Client", "BlazurAuth1\BlazurAuth1.Client\BlazurAuth1.Client.csproj", "{872356CC-24A6-4E52-B972-05614DD23063}"
EndProject
Global
	GlobalSection(SolutionConfigurationPlatforms) = preSolution
		Debug|Any CPU = Debug|Any CPU
		Release|Any CPU = Release|Any CPU
	EndGlobalSection
	GlobalSection(ProjectConfigurationPlatforms) = postSolution
		{8FBA9453-BB2D-4E49-AB28-A3D3ACB89F5A}.Debug|Any CPU.ActiveCfg = Debug|Any CPU
		{8FBA9453-BB2D-4E49-AB28-A3D3ACB89F5A}.Debug|Any CPU.Build.0 = Debug|Any CPU
		{8FBA9453-BB2D-4E49-AB28-A3D3ACB89F5A}.Release|Any CPU.ActiveCfg = Release|Any CPU
		{8FBA9453-BB2D-4E49-AB28-A3D3ACB89F5A}.Release|Any CPU.Build.0 = Release|Any CPU
		{872356CC-24A6-4E52-B972-05614DD23063}.Debug|Any CPU.ActiveCfg = Debug|Any CPU
		{872356CC-24A6-4E52-B972-05614DD23063}.Debug|Any CPU.Build.0 = Debug|Any CPU
		{872356CC-24A6-4E52-B972-05614DD23063}.Release|Any CPU.ActiveCfg = Release|Any CPU
		{872356CC-24A6-4E52-B972-05614DD23063}.Release|Any CPU.Build.0 = Release|Any CPU
	EndGlobalSection
	GlobalSection(SolutionProperties) = preSolution
		HideSolutionNode = FALSE
	EndGlobalSection
	GlobalSection(ExtensibilityGlobals) = postSolution
		SolutionGuid = {1A274D28-11FE-430D-95D3-ABF316D74A4A}
	EndGlobalSection
EndGlobal
